
Microsoft Visual Studio Solution File, Format Version 12.00
# Visual Studio 15
VisualStudioVersion = 15.0.26730.12
MinimumVisualStudioVersion = 10.0.40219.1
Project("{FAE04EC0-301F-11D3-BF4B-00C04F79EFBC}") = "PhraseGenerator", "PhraseGenerator\PhraseGenerator.csproj", "{A8750106-425D-4FD1-9C4C-A4C8586B9EAC}"
EndProject
Global
	GlobalSection(SolutionConfigurationPlatforms) = preSolution
		Debug|Any CPU = Debug|Any CPU
		Release|Any CPU = Release|Any CPU
	EndGlobalSection
	GlobalSection(ProjectConfigurationPlatforms) = postSolution
		{A8750106-425D-4FD1-9C4C-A4C8586B9EAC}.Debug|Any CPU.ActiveCfg = Debug|Any CPU
		{A8750106-425D-4FD1-9C4C-A4C8586B9EAC}.Debug|Any CPU.Build.0 = Debug|Any CPU
		{A8750106-425D-4FD1-9C4C-A4C8586B9EAC}.Release|Any CPU.ActiveCfg = Release|Any CPU
		{A8750106-425D-4FD1-9C4C-A4C8586B9EAC}.Release|Any CPU.Build.0 = Release|Any CPU
	EndGlobalSection
	GlobalSection(SolutionProperties) = preSolution
		HideSolutionNode = FALSE
	EndGlobalSection
	GlobalSection(ExtensibilityGlobals) = postSolution
		SolutionGuid = {45ED91AF-AA81-4881-9C14-C61CA98F1336}
	EndGlobalSection
EndGlobal
